{
  "meteor": {},
  "dependencies": {
    "basePackages": {
      "iron-router": {},
      "spin": {},
      "accounts-ui-bootstrap-dropdown": {},
      "jqueryui": {},
      "jqBootstrapValidation": {},
      "facebook-sdk": {}
    },
    "packages": {
      "iron-router": {
        "git": "https://github.com/EventedMind/iron-router.git",
        "tag": "v0.8.2",
        "commit": "05415a8891ea87a00fb1e2388585f2ca5a38e0da"
      },
      "spin": {
        "git": "https://github.com/SachaG/meteor-spin.git",
        "tag": "v2.0.4",
        "commit": "f7b1e12a7caff1283cdb3671a393c182d0ae9862"
      },
      "accounts-ui-bootstrap-dropdown": {
        "git": "https://github.com/erobit/meteor-accounts-ui-bootstrap-dropdown.git",
        "tag": "v0.8.3",
        "commit": "a7af8a52e4e74db020a69b158a8f992797b8b0b0"
      },
      "jqueryui": {
        "git": "https://github.com/mizzao/meteor-jqueryui.git",
        "tag": "v1.11.0",
        "commit": "06194edc0bdbb28c34b3a656bf9cb6a32718b44e"
      },
      "jqBootstrapValidation": {
        "git": "https://github.com/wahyuaw/meteor-jqBootstrapValidation.git",
        "tag": "v0.0.1",
        "commit": "66a91f82b8a8a955e639357ebf895f3256f0df16"
      },
      "facebook-sdk": {
        "git": "https://github.com/hugesuccess/facebook-sdk.git",
        "tag": "v0.0.44",
        "commit": "cb71b860085ec6453b61644b31f6351e7de2c1b0"
      },
      "iron-layout": {
        "git": "https://github.com/EventedMind/iron-layout.git",
        "tag": "v0.2.0",
        "commit": "4a2d53e35ba036b0c189c7ceca34be494d4c6c97"
      },
      "build-fetcher": {
        "git": "https://github.com/mizzao/meteor-build-fetcher.git",
        "tag": "v0.2.0",
        "commit": "5202ca83277860d798c6ff2ef1d8fe1bce007d0f"
      },
      "blaze-layout": {
        "git": "https://github.com/EventedMind/blaze-layout.git",
        "tag": "v0.2.5",
        "commit": "273e3ab7d005d91a1a59c71bd224533b4dae2fbd"
      },
      "iron-core": {
        "git": "https://github.com/EventedMind/iron-core.git",
        "tag": "v0.2.0",
        "commit": "0e48b5dc50d03f01025b7b900fb5ce2f13d52cad"
      },
      "iron-dynamic-template": {
        "git": "https://github.com/EventedMind/iron-dynamic-template.git",
        "tag": "v0.2.1",
        "commit": "4dd1185c4d9d616c9abdb3f33e4a7d5a88db7e18"
      }
    }
  }
}
